
Microsoft Visual Studio Solution File, Format Version 12.00
# Visual Studio Version 17
VisualStudioVersion = 17.7.34024.191
MinimumVisualStudioVersion = 10.0.40219.1
Project("{FAE04EC0-301F-11D3-BF4B-00C04F79EFBC}") = "pz_01", "pz_01\pz_01.csproj", "{E179E8C7-1F07-4105-8492-5E02548D0081}"
EndProject
Project("{9A19103F-16F7-4668-BE54-9A1E7A4F7556}") = "PZ_02", "PZ_02\PZ_02.csproj", "{1FD12E71-09AB-4723-88DD-E75EA400713A}"
EndProject
Project("{9A19103F-16F7-4668-BE54-9A1E7A4F7556}") = "pz_03", "pz_03\pz_03.csproj", "{C9C93BDC-AACE-490D-AF40-87B9C3905EA3}"
EndProject
Project("{9A19103F-16F7-4668-BE54-9A1E7A4F7556}") = "pz_03dop", "pz_03dop\pz_03dop.csproj", "{BEFE1F94-A33B-4601-8E84-A1FB945E75A0}"
EndProject
Project("{9A19103F-16F7-4668-BE54-9A1E7A4F7556}") = "pz_04", "pz_04\pz_04.csproj", "{23E243D1-B5FF-43AF-A5C1-AB8328158897}"
EndProject
Project("{9A19103F-16F7-4668-BE54-9A1E7A4F7556}") = "pz_08", "pz_08\pz_08.csproj", "{14541B3C-46B3-40FC-AE0D-E720565D55E0}"
EndProject
Project("{9A19103F-16F7-4668-BE54-9A1E7A4F7556}") = "pz_09", "pz_09\pz_09.csproj", "{0FCC24D6-B1CB-44E6-AA84-53E8E26849D6}"
EndProject
Project("{9A19103F-16F7-4668-BE54-9A1E7A4F7556}") = "pz_10", "pz_10\pz_10.csproj", "{549DB2A6-1488-4BCA-BB3E-BDB6A1A550D7}"
EndProject
Project("{9A19103F-16F7-4668-BE54-9A1E7A4F7556}") = "pz_11", "pz_11\pz_11.csproj", "{39F97A08-8489-4B10-9AD1-E8EBDB620421}"
EndProject
Project("{9A19103F-16F7-4668-BE54-9A1E7A4F7556}") = "pz_12", "pz_12\pz_12.csproj", "{F21D0F7A-6A43-4E39-A853-27DB3FD4BBAE}"
EndProject
Project("{9A19103F-16F7-4668-BE54-9A1E7A4F7556}") = "pz_13", "px_13\pz_13.csproj", "{472B7077-E65D-4D72-A474-FC5BB71B47F2}"
EndProject
Project("{FAE04EC0-301F-11D3-BF4B-00C04F79EFBC}") = "pz_14", "pz_14\pz_14.csproj", "{1651BAE0-2728-4764-A0CA-E565C023814B}"
EndProject
Global
	GlobalSection(SolutionConfigurationPlatforms) = preSolution
		Debug|Any CPU = Debug|Any CPU
		Release|Any CPU = Release|Any CPU
	EndGlobalSection
	GlobalSection(ProjectConfigurationPlatforms) = postSolution
		{E179E8C7-1F07-4105-8492-5E02548D0081}.Debug|Any CPU.ActiveCfg = Debug|Any CPU
		{E179E8C7-1F07-4105-8492-5E02548D0081}.Release|Any CPU.ActiveCfg = Release|Any CPU
		{E179E8C7-1F07-4105-8492-5E02548D0081}.Release|Any CPU.Build.0 = Release|Any CPU
		{1FD12E71-09AB-4723-88DD-E75EA400713A}.Debug|Any CPU.ActiveCfg = Debug|Any CPU
		{1FD12E71-09AB-4723-88DD-E75EA400713A}.Release|Any CPU.ActiveCfg = Release|Any CPU
		{1FD12E71-09AB-4723-88DD-E75EA400713A}.Release|Any CPU.Build.0 = Release|Any CPU
		{C9C93BDC-AACE-490D-AF40-87B9C3905EA3}.Debug|Any CPU.ActiveCfg = Debug|Any CPU
		{C9C93BDC-AACE-490D-AF40-87B9C3905EA3}.Release|Any CPU.ActiveCfg = Release|Any CPU
		{C9C93BDC-AACE-490D-AF40-87B9C3905EA3}.Release|Any CPU.Build.0 = Release|Any CPU
		{BEFE1F94-A33B-4601-8E84-A1FB945E75A0}.Debug|Any CPU.ActiveCfg = Debug|Any CPU
		{BEFE1F94-A33B-4601-8E84-A1FB945E75A0}.Release|Any CPU.ActiveCfg = Release|Any CPU
		{BEFE1F94-A33B-4601-8E84-A1FB945E75A0}.Release|Any CPU.Build.0 = Release|Any CPU
		{23E243D1-B5FF-43AF-A5C1-AB8328158897}.Debug|Any CPU.ActiveCfg = Debug|Any CPU
		{23E243D1-B5FF-43AF-A5C1-AB8328158897}.Release|Any CPU.ActiveCfg = Release|Any CPU
		{23E243D1-B5FF-43AF-A5C1-AB8328158897}.Release|Any CPU.Build.0 = Release|Any CPU
		{14541B3C-46B3-40FC-AE0D-E720565D55E0}.Debug|Any CPU.ActiveCfg = Debug|Any CPU
		{14541B3C-46B3-40FC-AE0D-E720565D55E0}.Release|Any CPU.ActiveCfg = Release|Any CPU
		{14541B3C-46B3-40FC-AE0D-E720565D55E0}.Release|Any CPU.Build.0 = Release|Any CPU
		{0FCC24D6-B1CB-44E6-AA84-53E8E26849D6}.Debug|Any CPU.ActiveCfg = Debug|Any CPU
		{0FCC24D6-B1CB-44E6-AA84-53E8E26849D6}.Debug|Any CPU.Build.0 = Debug|Any CPU
		{0FCC24D6-B1CB-44E6-AA84-53E8E26849D6}.Release|Any CPU.ActiveCfg = Release|Any CPU
		{0FCC24D6-B1CB-44E6-AA84-53E8E26849D6}.Release|Any CPU.Build.0 = Release|Any CPU
		{549DB2A6-1488-4BCA-BB3E-BDB6A1A550D7}.Debug|Any CPU.ActiveCfg = Debug|Any CPU
		{549DB2A6-1488-4BCA-BB3E-BDB6A1A550D7}.Debug|Any CPU.Build.0 = Debug|Any CPU
		{549DB2A6-1488-4BCA-BB3E-BDB6A1A550D7}.Release|Any CPU.ActiveCfg = Release|Any CPU
		{549DB2A6-1488-4BCA-BB3E-BDB6A1A550D7}.Release|Any CPU.Build.0 = Release|Any CPU
		{39F97A08-8489-4B10-9AD1-E8EBDB620421}.Debug|Any CPU.ActiveCfg = Debug|Any CPU
		{39F97A08-8489-4B10-9AD1-E8EBDB620421}.Debug|Any CPU.Build.0 = Debug|Any CPU
		{39F97A08-8489-4B10-9AD1-E8EBDB620421}.Release|Any CPU.ActiveCfg = Release|Any CPU
		{39F97A08-8489-4B10-9AD1-E8EBDB620421}.Release|Any CPU.Build.0 = Release|Any CPU
		{F21D0F7A-6A43-4E39-A853-27DB3FD4BBAE}.Debug|Any CPU.ActiveCfg = Debug|Any CPU
		{F21D0F7A-6A43-4E39-A853-27DB3FD4BBAE}.Debug|Any CPU.Build.0 = Debug|Any CPU
		{F21D0F7A-6A43-4E39-A853-27DB3FD4BBAE}.Release|Any CPU.ActiveCfg = Release|Any CPU
		{F21D0F7A-6A43-4E39-A853-27DB3FD4BBAE}.Release|Any CPU.Build.0 = Release|Any CPU
		{472B7077-E65D-4D72-A474-FC5BB71B47F2}.Debug|Any CPU.ActiveCfg = Debug|Any CPU
		{472B7077-E65D-4D72-A474-FC5BB71B47F2}.Debug|Any CPU.Build.0 = Debug|Any CPU
		{472B7077-E65D-4D72-A474-FC5BB71B47F2}.Release|Any CPU.ActiveCfg = Release|Any CPU
		{472B7077-E65D-4D72-A474-FC5BB71B47F2}.Release|Any CPU.Build.0 = Release|Any CPU
		{1651BAE0-2728-4764-A0CA-E565C023814B}.Debug|Any CPU.ActiveCfg = Debug|Any CPU
		{1651BAE0-2728-4764-A0CA-E565C023814B}.Debug|Any CPU.Build.0 = Debug|Any CPU
		{1651BAE0-2728-4764-A0CA-E565C023814B}.Release|Any CPU.ActiveCfg = Release|Any CPU
		{1651BAE0-2728-4764-A0CA-E565C023814B}.Release|Any CPU.Build.0 = Release|Any CPU
	EndGlobalSection
	GlobalSection(SolutionProperties) = preSolution
		HideSolutionNode = FALSE
	EndGlobalSection
	GlobalSection(ExtensibilityGlobals) = postSolution
		SolutionGuid = {F1E0F5E5-A040-4EED-951E-5457BE4214C2}
	EndGlobalSection
EndGlobal
